
Microsoft Visual Studio Solution File, Format Version 12.00
# Visual Studio Version 17
VisualStudioVersion = 17.13.36105.23
MinimumVisualStudioVersion = 10.0.40219.1
Project("{FAE04EC0-301F-11D3-BF4B-00C04F79EFBC}") = "DecisionTree.API", "DecisionTree-1\DecisionTree.API.csproj", "{7F220902-4F39-44D2-93FC-FC851C10F92A}"
EndProject
Project("{FAE04EC0-301F-11D3-BF4B-00C04F79EFBC}") = "DecisionTree.Model", "DecisionTree.Model\DecisionTree.Model.csproj", "{1FDA419F-930B-4DDE-A701-B7A3607A4776}"
EndProject
Global
	GlobalSection(SolutionConfigurationPlatforms) = preSolution
		Debug|Any CPU = Debug|Any CPU
		Release|Any CPU = Release|Any CPU
	EndGlobalSection
	GlobalSection(ProjectConfigurationPlatforms) = postSolution
		{7F220902-4F39-44D2-93FC-FC851C10F92A}.Debug|Any CPU.ActiveCfg = Debug|Any CPU
		{7F220902-4F39-44D2-93FC-FC851C10F92A}.Debug|Any CPU.Build.0 = Debug|Any CPU
		{7F220902-4F39-44D2-93FC-FC851C10F92A}.Release|Any CPU.ActiveCfg = Release|Any CPU
		{7F220902-4F39-44D2-93FC-FC851C10F92A}.Release|Any CPU.Build.0 = Release|Any CPU
		{1FDA419F-930B-4DDE-A701-B7A3607A4776}.Debug|Any CPU.ActiveCfg = Debug|Any CPU
		{1FDA419F-930B-4DDE-A701-B7A3607A4776}.Debug|Any CPU.Build.0 = Debug|Any CPU
		{1FDA419F-930B-4DDE-A701-B7A3607A4776}.Release|Any CPU.ActiveCfg = Release|Any CPU
		{1FDA419F-930B-4DDE-A701-B7A3607A4776}.Release|Any CPU.Build.0 = Release|Any CPU
	EndGlobalSection
	GlobalSection(SolutionProperties) = preSolution
		HideSolutionNode = FALSE
	EndGlobalSection
	GlobalSection(ExtensibilityGlobals) = postSolution
		SolutionGuid = {C96B1020-B627-46E5-87DB-C78E5449B928}
	EndGlobalSection
EndGlobal
